{
  "name": "horizontal-cards",
  "version": "1.0.0",
  "lockfileVersion": 3,
  "requires": true,
  "packages": {
    "": {
      "name": "horizontal-cards",
      "version": "1.0.0",
      "license": "ISC",
      "dependencies": {
        "open-props": "^1.7.7"
      }
    },
    "node_modules/open-props": {
      "version": "1.7.7",
      "resolved": "https://registry.npmjs.org/open-props/-/open-props-1.7.7.tgz",
      "integrity": "sha512-yn4B4D2dG7HGiZQSSdS03+jnsKlVIfdcWk6XyvSeTHcu2oqRbIEnJ9BVT7Qfq5N9p6z7tEIHTuRZoxckAemfqA==",
      "license": "MIT"
    }
  }
}
